// !$*UTF8*$!
{
	archiveVersion = 1;
	classes = {
	};
	objectVersion = 56;
	objects = {

/* Begin PBXBuildFile section */
		40D90EC32BA63BFD003DDD82 /* knowledge_creator_macApp.swift in Sources */ = {isa = PBXBuildFile; fileRef = 40D90EC22BA63BFD003DDD82 /* knowledge_creator_macApp.swift */; };
		40D90EC52BA63BFD003DDD82 /* ContentView.swift in Sources */ = {isa = PBXBuildFile; fileRef = 40D90EC42BA63BFD003DDD82 /* ContentView.swift */; };
		40D90EC72BA63BFE003DDD82 /* Assets.xcassets in Resources */ = {isa = PBXBuildFile; fileRef = 40D90EC62BA63BFE003DDD82 /* Assets.xcassets */; };
		40D90ECA2BA63BFE003DDD82 /* Preview Assets.xcassets in Resources */ = {isa = PBXBuildFile; fileRef = 40D90EC92BA63BFE003DDD82 /* Preview Assets.xcassets */; };
		40D90ED52BA63BFF003DDD82 /* knowledge_creator_macTests.swift in Sources */ = {isa = PBXBuildFile; fileRef = 40D90ED42BA63BFF003DDD82 /* knowledge_creator_macTests.swift */; };
		40D90EDF2BA63BFF003DDD82 /* knowledge_creator_macUITests.swift in Sources */ = {isa = PBXBuildFile; fileRef = 40D90EDE2BA63BFF003DDD82 /* knowledge_creator_macUITests.swift */; };
		40D90EE12BA63BFF003DDD82 /* knowledge_creator_macUITestsLaunchTests.swift in Sources */ = {isa = PBXBuildFile; fileRef = 40D90EE02BA63BFF003DDD82 /* knowledge_creator_macUITestsLaunchTests.swift */; };
/* End PBXBuildFile section */

/* Begin PBXContainerItemProxy section */
		40D90ED12BA63BFF003DDD82 /* PBXContainerItemProxy */ = {
			isa = PBXContainerItemProxy;
			containerPortal = 40D90EB72BA63BFD003DDD82 /* Project object */;
			proxyType = 1;
			remoteGlobalIDString = 40D90EBE2BA63BFD003DDD82;
			remoteInfo = knowledge_creator_mac;
		};
		40D90EDB2BA63BFF003DDD82 /* PBXContainerItemProxy */ = {
			isa = PBXContainerItemProxy;
			containerPortal = 40D90EB72BA63BFD003DDD82 /* Project object */;
			proxyType = 1;
			remoteGlobalIDString = 40D90EBE2BA63BFD003DDD82;
			remoteInfo = knowledge_creator_mac;
		};
/* End PBXContainerItemProxy section */

/* Begin PBXFileReference section */
		40D90EBF2BA63BFD003DDD82 /* knowledge_creator_mac.app */ = {isa = PBXFileReference; explicitFileType = wrapper.application; includeInIndex = 0; path = knowledge_creator_mac.app; sourceTree = BUILT_PRODUCTS_DIR; };
		40D90EC22BA63BFD003DDD82 /* knowledge_creator_macApp.swift */ = {isa = PBXFileReference; lastKnownFileType = sourcecode.swift; path = knowledge_creator_macApp.swift; sourceTree = "<group>"; };
		40D90EC42BA63BFD003DDD82 /* ContentView.swift */ = {isa = PBXFileReference; lastKnownFileType = sourcecode.swift; path = ContentView.swift; sourceTree = "<group>"; };
		40D90EC62BA63BFE003DDD82 /* Assets.xcassets */ = {isa = PBXFileReference; lastKnownFileType = folder.assetcatalog; path = Assets.xcassets; sourceTree = "<group>"; };
		40D90EC92BA63BFE003DDD82 /* Preview Assets.xcassets */ = {isa = PBXFileReference; lastKnownFileType = folder.assetcatalog; path = "Preview Assets.xcassets"; sourceTree = "<group>"; };
		40D90ECB2BA63BFE003DDD82 /* knowledge_creator_mac.entitlements */ = {isa = PBXFileReference; lastKnownFileType = text.plist.entitlements; path = knowledge_creator_mac.entitlements; sourceTree = "<group>"; };
		40D90ED02BA63BFF003DDD82 /* knowledge_creator_macTests.xctest */ = {isa = PBXFileReference; explicitFileType = wrapper.cfbundle; includeInIndex = 0; path = knowledge_creator_macTests.xctest; sourceTree = BUILT_PRODUCTS_DIR; };
		40D90ED42BA63BFF003DDD82 /* knowledge_creator_macTests.swift */ = {isa = PBXFileReference; lastKnownFileType = sourcecode.swift; path = knowledge_creator_macTests.swift; sourceTree = "<group>"; };
		40D90EDA2BA63BFF003DDD82 /* knowledge_creator_macUITests.xctest */ = {isa = PBXFileReference; explicitFileType = wrapper.cfbundle; includeInIndex = 0; path = knowledge_creator_macUITests.xctest; sourceTree = BUILT_PRODUCTS_DIR; };
		40D90EDE2BA63BFF003DDD82 /* knowledge_creator_macUITests.swift */ = {isa = PBXFileReference; lastKnownFileType = sourcecode.swift; path = knowledge_creator_macUITests.swift; sourceTree = "<group>"; };
		40D90EE02BA63BFF003DDD82 /* knowledge_creator_macUITestsLaunchTests.swift */ = {isa = PBXFileReference; lastKnownFileType = sourcecode.swift; path = knowledge_creator_macUITestsLaunchTests.swift; sourceTree = "<group>"; };
/* End PBXFileReference section */

/* Begin PBXFrameworksBuildPhase section */
		40D90EBC2BA63BFD003DDD82 /* Frameworks */ = {
			isa = PBXFrameworksBuildPhase;
			buildActionMask = 2147483647;
			files = (
			);
			runOnlyForDeploymentPostprocessing = 0;
		};
		40D90ECD2BA63BFF003DDD82 /* Frameworks */ = {
			isa = PBXFrameworksBuildPhase;
			buildActionMask = 2147483647;
			files = (
			);
			runOnlyForDeploymentPostprocessing = 0;
		};
		40D90ED72BA63BFF003DDD82 /* Frameworks */ = {
			isa = PBXFrameworksBuildPhase;
			buildActionMask = 2147483647;
			files = (
			);
			runOnlyForDeploymentPostprocessing = 0;
		};
/* End PBXFrameworksBuildPhase section */

/* Begin PBXGroup section */
		40D90EB62BA63BFD003DDD82 = {
			isa = PBXGroup;
			children = (
				40D90EC12BA63BFD003DDD82 /* knowledge_creator_mac */,
				40D90ED32BA63BFF003DDD82 /* knowledge_creator_macTests */,
				40D90EDD2BA63BFF003DDD82 /* knowledge_creator_macUITests */,
				40D90EC02BA63BFD003DDD82 /* Products */,
			);
			sourceTree = "<group>";
		};
		40D90EC02BA63BFD003DDD82 /* Products */ = {
			isa = PBXGroup;
			children = (
				40D90EBF2BA63BFD003DDD82 /* knowledge_creator_mac.app */,
				40D90ED02BA63BFF003DDD82 /* knowledge_creator_macTests.xctest */,
				40D90EDA2BA63BFF003DDD82 /* knowledge_creator_macUITests.xctest */,
			);
			name = Products;
			sourceTree = "<group>";
		};
		40D90EC12BA63BFD003DDD82 /* knowledge_creator_mac */ = {
			isa = PBXGroup;
			children = (
				40D90EC22BA63BFD003DDD82 /* knowledge_creator_macApp.swift */,
				40D90EC42BA63BFD003DDD82 /* ContentView.swift */,
				40D90EC62BA63BFE003DDD82 /* Assets.xcassets */,
				40D90ECB2BA63BFE003DDD82 /* knowledge_creator_mac.entitlements */,
				40D90EC82BA63BFE003DDD82 /* Preview Content */,
			);
			path = knowledge_creator_mac;
			sourceTree = "<group>";
		};
		40D90EC82BA63BFE003DDD82 /* Preview Content */ = {
			isa = PBXGroup;
			children = (
				40D90EC92BA63BFE003DDD82 /* Preview Assets.xcassets */,
			);
			path = "Preview Content";
			sourceTree = "<group>";
		};
		40D90ED32BA63BFF003DDD82 /* knowledge_creator_macTests */ = {
			isa = PBXGroup;
			children = (
				40D90ED42BA63BFF003DDD82 /* knowledge_creator_macTests.swift */,
			);
			path = knowledge_creator_macTests;
			sourceTree = "<group>";
		};
		40D90EDD2BA63BFF003DDD82 /* knowledge_creator_macUITests */ = {
			isa = PBXGroup;
			children = (
				40D90EDE2BA63BFF003DDD82 /* knowledge_creator_macUITests.swift */,
				40D90EE02BA63BFF003DDD82 /* knowledge_creator_macUITestsLaunchTests.swift */,
			);
			path = knowledge_creator_macUITests;
			sourceTree = "<group>";
		};
/* End PBXGroup section */

/* Begin PBXNativeTarget section */
		40D90EBE2BA63BFD003DDD82 /* knowledge_creator_mac */ = {
			isa = PBXNativeTarget;
			buildConfigurationList = 40D90EE42BA63BFF003DDD82 /* Build configuration list for PBXNativeTarget "knowledge_creator_mac" */;
			buildPhases = (
				40D90EBB2BA63BFD003DDD82 /* Sources */,
				40D90EBC2BA63BFD003DDD82 /* Frameworks */,
				40D90EBD2BA63BFD003DDD82 /* Resources */,
			);
			buildRules = (
			);
			dependencies = (
			);
			name = knowledge_creator_mac;
			productName = knowledge_creator_mac;
			productReference = 40D90EBF2BA63BFD003DDD82 /* knowledge_creator_mac.app */;
			productType = "com.apple.product-type.application";
		};
		40D90ECF2BA63BFF003DDD82 /* knowledge_creator_macTests */ = {
			isa = PBXNativeTarget;
			buildConfigurationList = 40D90EE72BA63BFF003DDD82 /* Build configuration list for PBXNativeTarget "knowledge_creator_macTests" */;
			buildPhases = (
				40D90ECC2BA63BFF003DDD82 /* Sources */,
				40D90ECD2BA63BFF003DDD82 /* Frameworks */,
				40D90ECE2BA63BFF003DDD82 /* Resources */,
			);
			buildRules = (
			);
			dependencies = (
				40D90ED22BA63BFF003DDD82 /* PBXTargetDependency */,
			);
			name = knowledge_creator_macTests;
			productName = knowledge_creator_macTests;
			productReference = 40D90ED02BA63BFF003DDD82 /* knowledge_creator_macTests.xctest */;
			productType = "com.apple.product-type.bundle.unit-test";
		};
		40D90ED92BA63BFF003DDD82 /* knowledge_creator_macUITests */ = {
			isa = PBXNativeTarget;
			buildConfigurationList = 40D90EEA2BA63BFF003DDD82 /* Build configuration list for PBXNativeTarget "knowledge_creator_macUITests" */;
			buildPhases = (
				40D90ED62BA63BFF003DDD82 /* Sources */,
				40D90ED72BA63BFF003DDD82 /* Frameworks */,
				40D90ED82BA63BFF003DDD82 /* Resources */,
			);
			buildRules = (
			);
			dependencies = (
				40D90EDC2BA63BFF003DDD82 /* PBXTargetDependency */,
			);
			name = knowledge_creator_macUITests;
			productName = knowledge_creator_macUITests;
			productReference = 40D90EDA2BA63BFF003DDD82 /* knowledge_creator_macUITests.xctest */;
			productType = "com.apple.product-type.bundle.ui-testing";
		};
/* End PBXNativeTarget section */

/* Begin PBXProject section */
		40D90EB72BA63BFD003DDD82 /* Project object */ = {
			isa = PBXProject;
			attributes = {
				BuildIndependentTargetsInParallel = 1;
				LastSwiftUpdateCheck = 1520;
				LastUpgradeCheck = 1520;
				TargetAttributes = {
					40D90EBE2BA63BFD003DDD82 = {
						CreatedOnToolsVersion = 15.2;
					};
					40D90ECF2BA63BFF003DDD82 = {
						CreatedOnToolsVersion = 15.2;
						TestTargetID = 40D90EBE2BA63BFD003DDD82;
					};
					40D90ED92BA63BFF003DDD82 = {
						CreatedOnToolsVersion = 15.2;
						TestTargetID = 40D90EBE2BA63BFD003DDD82;
					};
				};
			};
			buildConfigurationList = 40D90EBA2BA63BFD003DDD82 /* Build configuration list for PBXProject "knowledge_creator_mac" */;
			compatibilityVersion = "Xcode 14.0";
			developmentRegion = en;
			hasScannedForEncodings = 0;
			knownRegions = (
				en,
				Base,
			);
			mainGroup = 40D90EB62BA63BFD003DDD82;
			productRefGroup = 40D90EC02BA63BFD003DDD82 /* Products */;
			projectDirPath = "";
			projectRoot = "";
			targets = (
				40D90EBE2BA63BFD003DDD82 /* knowledge_creator_mac */,
				40D90ECF2BA63BFF003DDD82 /* knowledge_creator_macTests */,
				40D90ED92BA63BFF003DDD82 /* knowledge_creator_macUITests */,
			);
		};
/* End PBXProject section */

/* Begin PBXResourcesBuildPhase section */
		40D90EBD2BA63BFD003DDD82 /* Resources */ = {
			isa = PBXResourcesBuildPhase;
			buildActionMask = 2147483647;
			files = (
				40D90ECA2BA63BFE003DDD82 /* Preview Assets.xcassets in Resources */,
				40D90EC72BA63BFE003DDD82 /* Assets.xcassets in Resources */,
			);
			runOnlyForDeploymentPostprocessing = 0;
		};
		40D90ECE2BA63BFF003DDD82 /* Resources */ = {
			isa = PBXResourcesBuildPhase;
			buildActionMask = 2147483647;
			files = (
			);
			runOnlyForDeploymentPostprocessing = 0;
		};
		40D90ED82BA63BFF003DDD82 /* Resources */ = {
			isa = PBXResourcesBuildPhase;
			buildActionMask = 2147483647;
			files = (
			);
			runOnlyForDeploymentPostprocessing = 0;
		};
/* End PBXResourcesBuildPhase section */

/* Begin PBXSourcesBuildPhase section */
		40D90EBB2BA63BFD003DDD82 /* Sources */ = {
			isa = PBXSourcesBuildPhase;
			buildActionMask = 2147483647;
			files = (
				40D90EC52BA63BFD003DDD82 /* ContentView.swift in Sources */,
				40D90EC32BA63BFD003DDD82 /* knowledge_creator_macApp.swift in Sources */,
			);
			runOnlyForDeploymentPostprocessing = 0;
		};
		40D90ECC2BA63BFF003DDD82 /* Sources */ = {
			isa = PBXSourcesBuildPhase;
			buildActionMask = 2147483647;
			files = (
				40D90ED52BA63BFF003DDD82 /* knowledge_creator_macTests.swift in Sources */,
			);
			runOnlyForDeploymentPostprocessing = 0;
		};
		40D90ED62BA63BFF003DDD82 /* Sources */ = {
			isa = PBXSourcesBuildPhase;
			buildActionMask = 2147483647;
			files = (
				40D90EE12BA63BFF003DDD82 /* knowledge_creator_macUITestsLaunchTests.swift in Sources */,
				40D90EDF2BA63BFF003DDD82 /* knowledge_creator_macUITests.swift in Sources */,
			);
			runOnlyForDeploymentPostprocessing = 0;
		};
/* End PBXSourcesBuildPhase section */

/* Begin PBXTargetDependency section */
		40D90ED22BA63BFF003DDD82 /* PBXTargetDependency */ = {
			isa = PBXTargetDependency;
			target = 40D90EBE2BA63BFD003DDD82 /* knowledge_creator_mac */;
			targetProxy = 40D90ED12BA63BFF003DDD82 /* PBXContainerItemProxy */;
		};
		40D90EDC2BA63BFF003DDD82 /* PBXTargetDependency */ = {
			isa = PBXTargetDependency;
			target = 40D90EBE2BA63BFD003DDD82 /* knowledge_creator_mac */;
			targetProxy = 40D90EDB2BA63BFF003DDD82 /* PBXContainerItemProxy */;
		};
/* End PBXTargetDependency section */

/* Begin XCBuildConfiguration section */
		40D90EE22BA63BFF003DDD82 /* Debug */ = {
			isa = XCBuildConfiguration;
			buildSettings = {
				ALWAYS_SEARCH_USER_PATHS = NO;
				ASSETCATALOG_COMPILER_GENERATE_SWIFT_ASSET_SYMBOL_EXTENSIONS = YES;
				CLANG_ANALYZER_NONNULL = YES;
				CLANG_ANALYZER_NUMBER_OBJECT_CONVERSION = YES_AGGRESSIVE;
				CLANG_CXX_LANGUAGE_STANDARD = "gnu++20";
				CLANG_ENABLE_MODULES = YES;
				CLANG_ENABLE_OBJC_ARC = YES;
				CLANG_ENABLE_OBJC_WEAK = YES;
				CLANG_WARN_BLOCK_CAPTURE_AUTORELEASING = YES;
				CLANG_WARN_BOOL_CONVERSION = YES;
				CLANG_WARN_COMMA = YES;
				CLANG_WARN_CONSTANT_CONVERSION = YES;
				CLANG_WARN_DEPRECATED_OBJC_IMPLEMENTATIONS = YES;
				CLANG_WARN_DIRECT_OBJC_ISA_USAGE = YES_ERROR;
				CLANG_WARN_DOCUMENTATION_COMMENTS = YES;
				CLANG_WARN_EMPTY_BODY = YES;
				CLANG_WARN_ENUM_CONVERSION = YES;
				CLANG_WARN_INFINITE_RECURSION = YES;
				CLANG_WARN_INT_CONVERSION = YES;
				CLANG_WARN_NON_LITERAL_NULL_CONVERSION = YES;
				CLANG_WARN_OBJC_IMPLICIT_RETAIN_SELF = YES;
				CLANG_WARN_OBJC_LITERAL_CONVERSION = YES;
				CLANG_WARN_OBJC_ROOT_CLASS = YES_ERROR;
				CLANG_WARN_QUOTED_INCLUDE_IN_FRAMEWORK_HEADER = YES;
				CLANG_WARN_RANGE_LOOP_ANALYSIS = YES;
				CLANG_WARN_STRICT_PROTOTYPES = YES;
				CLANG_WARN_SUSPICIOUS_MOVE = YES;
				CLANG_WARN_UNGUARDED_AVAILABILITY = YES_AGGRESSIVE;
				CLANG_WARN_UNREACHABLE_CODE = YES;
				CLANG_WARN__DUPLICATE_METHOD_MATCH = YES;
				COPY_PHASE_STRIP = NO;
				DEBUG_INFORMATION_FORMAT = dwarf;
				ENABLE_STRICT_OBJC_MSGSEND = YES;
				ENABLE_TESTABILITY = YES;
				ENABLE_USER_SCRIPT_SANDBOXING = YES;
				GCC_C_LANGUAGE_STANDARD = gnu17;
				GCC_DYNAMIC_NO_PIC = NO;
				GCC_NO_COMMON_BLOCKS = YES;
				GCC_OPTIMIZATION_LEVEL = 0;
				GCC_PREPROCESSOR_DEFINITIONS = (
					"DEBUG=1",
					"$(inherited)",
				);
				GCC_WARN_64_TO_32_BIT_CONVERSION = YES;
				GCC_WARN_ABOUT_RETURN_TYPE = YES_ERROR;
				GCC_WARN_UNDECLARED_SELECTOR = YES;
				GCC_WARN_UNINITIALIZED_AUTOS = YES_AGGRESSIVE;
				GCC_WARN_UNUSED_FUNCTION = YES;
				GCC_WARN_UNUSED_VARIABLE = YES;
				LOCALIZATION_PREFERS_STRING_CATALOGS = YES;
				MACOSX_DEPLOYMENT_TARGET = 14.2;
				MTL_ENABLE_DEBUG_INFO = INCLUDE_SOURCE;
				MTL_FAST_MATH = YES;
				ONLY_ACTIVE_ARCH = YES;
				SDKROOT = macosx;
				SWIFT_ACTIVE_COMPILATION_CONDITIONS = "DEBUG $(inherited)";
				SWIFT_OPTIMIZATION_LEVEL = "-Onone";
			};
			name = Debug;
		};
		40D90EE32BA63BFF003DDD82 /* Release */ = {
			isa = XCBuildConfiguration;
			buildSettings = {
				ALWAYS_SEARCH_USER_PATHS = NO;
				ASSETCATALOG_COMPILER_GENERATE_SWIFT_ASSET_SYMBOL_EXTENSIONS = YES;
				CLANG_ANALYZER_NONNULL = YES;
				CLANG_ANALYZER_NUMBER_OBJECT_CONVERSION = YES_AGGRESSIVE;
				CLANG_CXX_LANGUAGE_STANDARD = "gnu++20";
				CLANG_ENABLE_MODULES = YES;
				CLANG_ENABLE_OBJC_ARC = YES;
				CLANG_ENABLE_OBJC_WEAK = YES;
				CLANG_WARN_BLOCK_CAPTURE_AUTORELEASING = YES;
				CLANG_WARN_BOOL_CONVERSION = YES;
				CLANG_WARN_COMMA = YES;
				CLANG_WARN_CONSTANT_CONVERSION = YES;
				CLANG_WARN_DEPRECATED_OBJC_IMPLEMENTATIONS = YES;
				CLANG_WARN_DIRECT_OBJC_ISA_USAGE = YES_ERROR;
				CLANG_WARN_DOCUMENTATION_COMMENTS = YES;
				CLANG_WARN_EMPTY_BODY = YES;
				CLANG_WARN_ENUM_CONVERSION = YES;
				CLANG_WARN_INFINITE_RECURSION = YES;
				CLANG_WARN_INT_CONVERSION = YES;
				CLANG_WARN_NON_LITERAL_NULL_CONVERSION = YES;
				CLANG_WARN_OBJC_IMPLICIT_RETAIN_SELF = YES;
				CLANG_WARN_OBJC_LITERAL_CONVERSION = YES;
				CLANG_WARN_OBJC_ROOT_CLASS = YES_ERROR;
				CLANG_WARN_QUOTED_INCLUDE_IN_FRAMEWORK_HEADER = YES;
				CLANG_WARN_RANGE_LOOP_ANALYSIS = YES;
				CLANG_WARN_STRICT_PROTOTYPES = YES;
				CLANG_WARN_SUSPICIOUS_MOVE = YES;
				CLANG_WARN_UNGUARDED_AVAILABILITY = YES_AGGRESSIVE;
				CLANG_WARN_UNREACHABLE_CODE = YES;
				CLANG_WARN__DUPLICATE_METHOD_MATCH = YES;
				COPY_PHASE_STRIP = NO;
				DEBUG_INFORMATION_FORMAT = "dwarf-with-dsym";
				ENABLE_NS_ASSERTIONS = NO;
				ENABLE_STRICT_OBJC_MSGSEND = YES;
				ENABLE_USER_SCRIPT_SANDBOXING = YES;
				GCC_C_LANGUAGE_STANDARD = gnu17;
				GCC_NO_COMMON_BLOCKS = YES;
				GCC_WARN_64_TO_32_BIT_CONVERSION = YES;
				GCC_WARN_ABOUT_RETURN_TYPE = YES_ERROR;
				GCC_WARN_UNDECLARED_SELECTOR = YES;
				GCC_WARN_UNINITIALIZED_AUTOS = YES_AGGRESSIVE;
				GCC_WARN_UNUSED_FUNCTION = YES;
				GCC_WARN_UNUSED_VARIABLE = YES;
				LOCALIZATION_PREFERS_STRING_CATALOGS = YES;
				MACOSX_DEPLOYMENT_TARGET = 14.2;
				MTL_ENABLE_DEBUG_INFO = NO;
				MTL_FAST_MATH = YES;
				SDKROOT = macosx;
				SWIFT_COMPILATION_MODE = wholemodule;
			};
			name = Release;
		};
		40D90EE52BA63BFF003DDD82 /* Debug */ = {
			isa = XCBuildConfiguration;
			buildSettings = {
				ASSETCATALOG_COMPILER_APPICON_NAME = AppIcon;
				ASSETCATALOG_COMPILER_GLOBAL_ACCENT_COLOR_NAME = AccentColor;
				CODE_SIGN_ENTITLEMENTS = knowledge_creator_mac/knowledge_creator_mac.entitlements;
				CODE_SIGN_STYLE = Automatic;
				COMBINE_HIDPI_IMAGES = YES;
				CURRENT_PROJECT_VERSION = 1;
				DEVELOPMENT_ASSET_PATHS = "\"knowledge_creator_mac/Preview Content\"";
				DEVELOPMENT_TEAM = K7SDKKJUJ2;
				ENABLE_HARDENED_RUNTIME = YES;
				ENABLE_PREVIEWS = YES;
				GENERATE_INFOPLIST_FILE = YES;
				INFOPLIST_KEY_NSHumanReadableCopyright = "";
				LD_RUNPATH_SEARCH_PATHS = (
					"$(inherited)",
					"@executable_path/../Frameworks",
				);
				MARKETING_VERSION = 1.0;
				PRODUCT_BUNDLE_IDENTIFIER = "com.yojiyamamoto.knowledge-creator-mac";
				PRODUCT_NAME = "$(TARGET_NAME)";
				SWIFT_EMIT_LOC_STRINGS = YES;
				SWIFT_VERSION = 5.0;
			};
			name = Debug;
		};
		40D90EE62BA63BFF003DDD82 /* Release */ = {
			isa = XCBuildConfiguration;
			buildSettings = {
				ASSETCATALOG_COMPILER_APPICON_NAME = AppIcon;
				ASSETCATALOG_COMPILER_GLOBAL_ACCENT_COLOR_NAME = AccentColor;
				CODE_SIGN_ENTITLEMENTS = knowledge_creator_mac/knowledge_creator_mac.entitlements;
				CODE_SIGN_STYLE = Automatic;
				COMBINE_HIDPI_IMAGES = YES;
				CURRENT_PROJECT_VERSION = 1;
				DEVELOPMENT_ASSET_PATHS = "\"knowledge_creator_mac/Preview Content\"";
				DEVELOPMENT_TEAM = K7SDKKJUJ2;
				ENABLE_HARDENED_RUNTIME = YES;
				ENABLE_PREVIEWS = YES;
				GENERATE_INFOPLIST_FILE = YES;
				INFOPLIST_KEY_NSHumanReadableCopyright = "";
				LD_RUNPATH_SEARCH_PATHS = (
					"$(inherited)",
					"@executable_path/../Frameworks",
				);
				MARKETING_VERSION = 1.0;
				PRODUCT_BUNDLE_IDENTIFIER = "com.yojiyamamoto.knowledge-creator-mac";
				PRODUCT_NAME = "$(TARGET_NAME)";
				SWIFT_EMIT_LOC_STRINGS = YES;
				SWIFT_VERSION = 5.0;
			};
			name = Release;
		};
		40D90EE82BA63BFF003DDD82 /* Debug */ = {
			isa = XCBuildConfiguration;
			buildSettings = {
				ALWAYS_EMBED_SWIFT_STANDARD_LIBRARIES = YES;
				BUNDLE_LOADER = "$(TEST_HOST)";
				CODE_SIGN_STYLE = Automatic;
				CURRENT_PROJECT_VERSION = 1;
				DEVELOPMENT_TEAM = K7SDKKJUJ2;
				GENERATE_INFOPLIST_FILE = YES;
				MACOSX_DEPLOYMENT_TARGET = 14.2;
				MARKETING_VERSION = 1.0;
				PRODUCT_BUNDLE_IDENTIFIER = "com.yojiyamamoto.knowledge-creator-macTests";
				PRODUCT_NAME = "$(TARGET_NAME)";
				SWIFT_EMIT_LOC_STRINGS = NO;
				SWIFT_VERSION = 5.0;
				TEST_HOST = "$(BUILT_PRODUCTS_DIR)/knowledge_creator_mac.app/$(BUNDLE_EXECUTABLE_FOLDER_PATH)/knowledge_creator_mac";
			};
			name = Debug;
		};
		40D90EE92BA63BFF003DDD82 /* Release */ = {
			isa = XCBuildConfiguration;
			buildSettings = {
				ALWAYS_EMBED_SWIFT_STANDARD_LIBRARIES = YES;
				BUNDLE_LOADER = "$(TEST_HOST)";
				CODE_SIGN_STYLE = Automatic;
				CURRENT_PROJECT_VERSION = 1;
				DEVELOPMENT_TEAM = K7SDKKJUJ2;
				GENERATE_INFOPLIST_FILE = YES;
				MACOSX_DEPLOYMENT_TARGET = 14.2;
				MARKETING_VERSION = 1.0;
				PRODUCT_BUNDLE_IDENTIFIER = "com.yojiyamamoto.knowledge-creator-macTests";
				PRODUCT_NAME = "$(TARGET_NAME)";
				SWIFT_EMIT_LOC_STRINGS = NO;
				SWIFT_VERSION = 5.0;
				TEST_HOST = "$(BUILT_PRODUCTS_DIR)/knowledge_creator_mac.app/$(BUNDLE_EXECUTABLE_FOLDER_PATH)/knowledge_creator_mac";
			};
			name = Release;
		};
		40D90EEB2BA63BFF003DDD82 /* Debug */ = {
			isa = XCBuildConfiguration;
			buildSettings = {
				ALWAYS_EMBED_SWIFT_STANDARD_LIBRARIES = YES;
				CODE_SIGN_STYLE = Automatic;
				CURRENT_PROJECT_VERSION = 1;
				DEVELOPMENT_TEAM = K7SDKKJUJ2;
				GENERATE_INFOPLIST_FILE = YES;
				MARKETING_VERSION = 1.0;
				PRODUCT_BUNDLE_IDENTIFIER = "com.yojiyamamoto.knowledge-creator-macUITests";
				PRODUCT_NAME = "$(TARGET_NAME)";
				SWIFT_EMIT_LOC_STRINGS = NO;
				SWIFT_VERSION = 5.0;
				TEST_TARGET_NAME = knowledge_creator_mac;
			};
			name = Debug;
		};
		40D90EEC2BA63BFF003DDD82 /* Release */ = {
			isa = XCBuildConfiguration;
			buildSettings = {
				ALWAYS_EMBED_SWIFT_STANDARD_LIBRARIES = YES;
				CODE_SIGN_STYLE = Automatic;
				CURRENT_PROJECT_VERSION = 1;
				DEVELOPMENT_TEAM = K7SDKKJUJ2;
				GENERATE_INFOPLIST_FILE = YES;
				MARKETING_VERSION = 1.0;
				PRODUCT_BUNDLE_IDENTIFIER = "com.yojiyamamoto.knowledge-creator-macUITests";
				PRODUCT_NAME = "$(TARGET_NAME)";
				SWIFT_EMIT_LOC_STRINGS = NO;
				SWIFT_VERSION = 5.0;
				TEST_TARGET_NAME = knowledge_creator_mac;
			};
			name = Release;
		};
/* End XCBuildConfiguration section */

/* Begin XCConfigurationList section */
		40D90EBA2BA63BFD003DDD82 /* Build configuration list for PBXProject "knowledge_creator_mac" */ = {
			isa = XCConfigurationList;
			buildConfigurations = (
				40D90EE22BA63BFF003DDD82 /* Debug */,
				40D90EE32BA63BFF003DDD82 /* Release */,
			);
			defaultConfigurationIsVisible = 0;
			defaultConfigurationName = Release;
		};
		40D90EE42BA63BFF003DDD82 /* Build configuration list for PBXNativeTarget "knowledge_creator_mac" */ = {
			isa = XCConfigurationList;
			buildConfigurations = (
				40D90EE52BA63BFF003DDD82 /* Debug */,
				40D90EE62BA63BFF003DDD82 /* Release */,
			);
			defaultConfigurationIsVisible = 0;
			defaultConfigurationName = Release;
		};
		40D90EE72BA63BFF003DDD82 /* Build configuration list for PBXNativeTarget "knowledge_creator_macTests" */ = {
			isa = XCConfigurationList;
			buildConfigurations = (
				40D90EE82BA63BFF003DDD82 /* Debug */,
				40D90EE92BA63BFF003DDD82 /* Release */,
			);
			defaultConfigurationIsVisible = 0;
			defaultConfigurationName = Release;
		};
		40D90EEA2BA63BFF003DDD82 /* Build configuration list for PBXNativeTarget "knowledge_creator_macUITests" */ = {
			isa = XCConfigurationList;
			buildConfigurations = (
				40D90EEB2BA63BFF003DDD82 /* Debug */,
				40D90EEC2BA63BFF003DDD82 /* Release */,
			);
			defaultConfigurationIsVisible = 0;
			defaultConfigurationName = Release;
		};
/* End XCConfigurationList section */
	};
	rootObject = 40D90EB72BA63BFD003DDD82 /* Project object */;
}
